
Microsoft Visual Studio Solution File, Format Version 12.00
# Visual Studio 15
VisualStudioVersion = 15.0.26621.2
MinimumVisualStudioVersion = 10.0.40219.1
Project("{9A19103F-16F7-4668-BE54-9A1E7A4F7556}") = "WebChatClient", "WebChatClient.csproj", "{54B7264B-4026-43DF-B78A-516D57FB5B34}"
EndProject
Global
	GlobalSection(SolutionConfigurationPlatforms) = preSolution
		Debug|Any CPU = Debug|Any CPU
		Release|Any CPU = Release|Any CPU
	EndGlobalSection
	GlobalSection(ProjectConfigurationPlatforms) = postSolution
		{54B7264B-4026-43DF-B78A-516D57FB5B34}.Debug|Any CPU.ActiveCfg = Debug|Any CPU
		{54B7264B-4026-43DF-B78A-516D57FB5B34}.Debug|Any CPU.Build.0 = Debug|Any CPU
		{54B7264B-4026-43DF-B78A-516D57FB5B34}.Release|Any CPU.ActiveCfg = Release|Any CPU
		{54B7264B-4026-43DF-B78A-516D57FB5B34}.Release|Any CPU.Build.0 = Release|Any CPU
	EndGlobalSection
	GlobalSection(SolutionProperties) = preSolution
		HideSolutionNode = FALSE
	EndGlobalSection
	GlobalSection(ExtensibilityGlobals) = postSolution
		SolutionGuid = {4F30511E-85BB-4CE1-8B1F-CE5F696A6687}
	EndGlobalSection
EndGlobal
